
Microsoft Visual Studio Solution File, Format Version 12.00
# Visual Studio Version 17
VisualStudioVersion = 17.1.32421.90
MinimumVisualStudioVersion = 10.0.40219.1
Project("{FAE04EC0-301F-11D3-BF4B-00C04F79EFBC}") = "LC_HandHeldDevice", "LC_HandHeldDevice\LC_HandHeldDevice.csproj", "{2E45D23A-326C-4621-879F-642402B89CCD}"
EndProject
Global
	GlobalSection(SolutionConfigurationPlatforms) = preSolution
		Debug|Any CPU = Debug|Any CPU
		Release|Any CPU = Release|Any CPU
	EndGlobalSection
	GlobalSection(ProjectConfigurationPlatforms) = postSolution
		{2E45D23A-326C-4621-879F-642402B89CCD}.Debug|Any CPU.ActiveCfg = Debug|Any CPU
		{2E45D23A-326C-4621-879F-642402B89CCD}.Debug|Any CPU.Build.0 = Debug|Any CPU
		{2E45D23A-326C-4621-879F-642402B89CCD}.Release|Any CPU.ActiveCfg = Release|Any CPU
		{2E45D23A-326C-4621-879F-642402B89CCD}.Release|Any CPU.Build.0 = Release|Any CPU
	EndGlobalSection
	GlobalSection(SolutionProperties) = preSolution
		HideSolutionNode = FALSE
	EndGlobalSection
	GlobalSection(ExtensibilityGlobals) = postSolution
		SolutionGuid = {0A63F116-8925-445A-92CE-3AC70E8EB5AA}
	EndGlobalSection
EndGlobal
